
Microsoft Visual Studio Solution File, Format Version 12.00
# Visual Studio 2013
VisualStudioVersion = 12.0.21005.1
MinimumVisualStudioVersion = 10.0.40219.1
Project("{FAE04EC0-301F-11D3-BF4B-00C04F79EFBC}") = "JG.MyPet.Web", "JG.MyPet.Web\JG.MyPet.Web.csproj", "{F49BC9E5-C714-4FD1-89C7-128F66823D99}"
EndProject
Project("{FAE04EC0-301F-11D3-BF4B-00C04F79EFBC}") = "JG.MyPet.Tests", "JG.MyPet.Web.Tests\JG.MyPet.Tests.csproj", "{0198EFA3-FF08-4B76-98EF-BD3B4B000046}"
EndProject
Project("{FAE04EC0-301F-11D3-BF4B-00C04F79EFBC}") = "JG.MyPet.Service", "JG.MyPet.Service\JG.MyPet.Service.csproj", "{AEA466FC-A994-4D33-AC7E-D0EF0F5CF23D}"
EndProject
Project("{FAE04EC0-301F-11D3-BF4B-00C04F79EFBC}") = "JG.MyPet.BusinessService", "JG.MyPet.BusinessService\JG.MyPet.BusinessService.csproj", "{14480D98-4D7F-4987-A228-EB90C6B9575E}"
EndProject
Project("{FAE04EC0-301F-11D3-BF4B-00C04F79EFBC}") = "JG.MyPet.Models", "JG.MyPet.Models\JG.MyPet.Models.csproj", "{8D375DDB-D501-40DA-9E53-F781D76059BA}"
EndProject
Project("{2150E333-8FDC-42A3-9474-1A3956D46DE8}") = ".nuget", ".nuget", "{6977590C-CF83-4D2D-AF64-AC8BF454EDD6}"
	ProjectSection(SolutionItems) = preProject
		.nuget\packages.config = .nuget\packages.config
	EndProjectSection
EndProject
Project("{FAE04EC0-301F-11D3-BF4B-00C04F79EFBC}") = "JG.MyPet.DataService", "JG.MyPet.DataService\JG.MyPet.DataService.csproj", "{002773AE-8FEA-47CB-90E2-0411080472F8}"
EndProject
Global
	GlobalSection(SolutionConfigurationPlatforms) = preSolution
		Debug|Any CPU = Debug|Any CPU
		Release|Any CPU = Release|Any CPU
	EndGlobalSection
	GlobalSection(ProjectConfigurationPlatforms) = postSolution
		{F49BC9E5-C714-4FD1-89C7-128F66823D99}.Debug|Any CPU.ActiveCfg = Debug|Any CPU
		{F49BC9E5-C714-4FD1-89C7-128F66823D99}.Debug|Any CPU.Build.0 = Debug|Any CPU
		{F49BC9E5-C714-4FD1-89C7-128F66823D99}.Release|Any CPU.ActiveCfg = Release|Any CPU
		{F49BC9E5-C714-4FD1-89C7-128F66823D99}.Release|Any CPU.Build.0 = Release|Any CPU
		{0198EFA3-FF08-4B76-98EF-BD3B4B000046}.Debug|Any CPU.ActiveCfg = Debug|Any CPU
		{0198EFA3-FF08-4B76-98EF-BD3B4B000046}.Debug|Any CPU.Build.0 = Debug|Any CPU
		{0198EFA3-FF08-4B76-98EF-BD3B4B000046}.Release|Any CPU.ActiveCfg = Release|Any CPU
		{0198EFA3-FF08-4B76-98EF-BD3B4B000046}.Release|Any CPU.Build.0 = Release|Any CPU
		{AEA466FC-A994-4D33-AC7E-D0EF0F5CF23D}.Debug|Any CPU.ActiveCfg = Debug|Any CPU
		{AEA466FC-A994-4D33-AC7E-D0EF0F5CF23D}.Debug|Any CPU.Build.0 = Debug|Any CPU
		{AEA466FC-A994-4D33-AC7E-D0EF0F5CF23D}.Release|Any CPU.ActiveCfg = Release|Any CPU
		{AEA466FC-A994-4D33-AC7E-D0EF0F5CF23D}.Release|Any CPU.Build.0 = Release|Any CPU
		{14480D98-4D7F-4987-A228-EB90C6B9575E}.Debug|Any CPU.ActiveCfg = Debug|Any CPU
		{14480D98-4D7F-4987-A228-EB90C6B9575E}.Debug|Any CPU.Build.0 = Debug|Any CPU
		{14480D98-4D7F-4987-A228-EB90C6B9575E}.Release|Any CPU.ActiveCfg = Release|Any CPU
		{14480D98-4D7F-4987-A228-EB90C6B9575E}.Release|Any CPU.Build.0 = Release|Any CPU
		{8D375DDB-D501-40DA-9E53-F781D76059BA}.Debug|Any CPU.ActiveCfg = Debug|Any CPU
		{8D375DDB-D501-40DA-9E53-F781D76059BA}.Debug|Any CPU.Build.0 = Debug|Any CPU
		{8D375DDB-D501-40DA-9E53-F781D76059BA}.Release|Any CPU.ActiveCfg = Release|Any CPU
		{8D375DDB-D501-40DA-9E53-F781D76059BA}.Release|Any CPU.Build.0 = Release|Any CPU
		{002773AE-8FEA-47CB-90E2-0411080472F8}.Debug|Any CPU.ActiveCfg = Debug|Any CPU
		{002773AE-8FEA-47CB-90E2-0411080472F8}.Debug|Any CPU.Build.0 = Debug|Any CPU
		{002773AE-8FEA-47CB-90E2-0411080472F8}.Release|Any CPU.ActiveCfg = Release|Any CPU
		{002773AE-8FEA-47CB-90E2-0411080472F8}.Release|Any CPU.Build.0 = Release|Any CPU
	EndGlobalSection
	GlobalSection(SolutionProperties) = preSolution
		HideSolutionNode = FALSE
	EndGlobalSection
EndGlobal
